
Microsoft Visual Studio Solution File, Format Version 12.00
# Visual Studio 15
VisualStudioVersion = 15.0.27512.0
MinimumVisualStudioVersion = 10.0.40219.1
Project("{8BC9CEB8-8B4A-11D0-8D11-00A0C91BC942}") = "KinectProject", "KinectProject\KinectProject.vcxproj", "{3AC13CC4-4FD0-4CFB-A52F-0A3C5570B389}"
EndProject
Global
	GlobalSection(SolutionConfigurationPlatforms) = preSolution
		Debug|ARM = Debug|ARM
		Debug|x64 = Debug|x64
		Debug|x86 = Debug|x86
		Release|ARM = Release|ARM
		Release|x64 = Release|x64
		Release|x86 = Release|x86
	EndGlobalSection
	GlobalSection(ProjectConfigurationPlatforms) = postSolution
		{3AC13CC4-4FD0-4CFB-A52F-0A3C5570B389}.Debug|ARM.ActiveCfg = Debug|ARM
		{3AC13CC4-4FD0-4CFB-A52F-0A3C5570B389}.Debug|ARM.Build.0 = Debug|ARM
		{3AC13CC4-4FD0-4CFB-A52F-0A3C5570B389}.Debug|ARM.Deploy.0 = Debug|ARM
		{3AC13CC4-4FD0-4CFB-A52F-0A3C5570B389}.Debug|x64.ActiveCfg = Debug|x64
		{3AC13CC4-4FD0-4CFB-A52F-0A3C5570B389}.Debug|x64.Build.0 = Debug|x64
		{3AC13CC4-4FD0-4CFB-A52F-0A3C5570B389}.Debug|x64.Deploy.0 = Debug|x64
		{3AC13CC4-4FD0-4CFB-A52F-0A3C5570B389}.Debug|x86.ActiveCfg = Debug|Win32
		{3AC13CC4-4FD0-4CFB-A52F-0A3C5570B389}.Debug|x86.Build.0 = Debug|Win32
		{3AC13CC4-4FD0-4CFB-A52F-0A3C5570B389}.Debug|x86.Deploy.0 = Debug|Win32
		{3AC13CC4-4FD0-4CFB-A52F-0A3C5570B389}.Release|ARM.ActiveCfg = Release|ARM
		{3AC13CC4-4FD0-4CFB-A52F-0A3C5570B389}.Release|ARM.Build.0 = Release|ARM
		{3AC13CC4-4FD0-4CFB-A52F-0A3C5570B389}.Release|ARM.Deploy.0 = Release|ARM
		{3AC13CC4-4FD0-4CFB-A52F-0A3C5570B389}.Release|x64.ActiveCfg = Release|x64
		{3AC13CC4-4FD0-4CFB-A52F-0A3C5570B389}.Release|x64.Build.0 = Release|x64
		{3AC13CC4-4FD0-4CFB-A52F-0A3C5570B389}.Release|x64.Deploy.0 = Release|x64
		{3AC13CC4-4FD0-4CFB-A52F-0A3C5570B389}.Release|x86.ActiveCfg = Release|Win32
		{3AC13CC4-4FD0-4CFB-A52F-0A3C5570B389}.Release|x86.Build.0 = Release|Win32
		{3AC13CC4-4FD0-4CFB-A52F-0A3C5570B389}.Release|x86.Deploy.0 = Release|Win32
	EndGlobalSection
	GlobalSection(SolutionProperties) = preSolution
		HideSolutionNode = FALSE
	EndGlobalSection
	GlobalSection(ExtensibilityGlobals) = postSolution
		SolutionGuid = {EA1E2605-299B-4DEB-8DE9-70377B5346BF}
	EndGlobalSection
EndGlobal
